
Microsoft Visual Studio Solution File, Format Version 12.00
# Visual Studio Version 17
VisualStudioVersion = 17.1.32210.238
MinimumVisualStudioVersion = 10.0.40219.1
Project("{FAE04EC0-301F-11D3-BF4B-00C04F79EFBC}") = "Assembly-CSharp", "Assembly-CSharp.csproj", "{14852C49-3892-4154-046B-1EA0888B26F3}"
EndProject
Project("{FAE04EC0-301F-11D3-BF4B-00C04F79EFBC}") = "Assembly-CSharp-Editor", "Assembly-CSharp-Editor.csproj", "{CCB35A39-A3D3-A04E-3218-F60AF055D911}"
EndProject
Global
	GlobalSection(SolutionConfigurationPlatforms) = preSolution
		Debug|Any CPU = Debug|Any CPU
		Release|Any CPU = Release|Any CPU
	EndGlobalSection
	GlobalSection(ProjectConfigurationPlatforms) = postSolution
		{14852C49-3892-4154-046B-1EA0888B26F3}.Debug|Any CPU.ActiveCfg = Debug|Any CPU
		{14852C49-3892-4154-046B-1EA0888B26F3}.Debug|Any CPU.Build.0 = Debug|Any CPU
		{14852C49-3892-4154-046B-1EA0888B26F3}.Release|Any CPU.ActiveCfg = Release|Any CPU
		{14852C49-3892-4154-046B-1EA0888B26F3}.Release|Any CPU.Build.0 = Release|Any CPU
		{CCB35A39-A3D3-A04E-3218-F60AF055D911}.Debug|Any CPU.ActiveCfg = Debug|Any CPU
		{CCB35A39-A3D3-A04E-3218-F60AF055D911}.Debug|Any CPU.Build.0 = Debug|Any CPU
		{CCB35A39-A3D3-A04E-3218-F60AF055D911}.Release|Any CPU.ActiveCfg = Release|Any CPU
		{CCB35A39-A3D3-A04E-3218-F60AF055D911}.Release|Any CPU.Build.0 = Release|Any CPU
	EndGlobalSection
	GlobalSection(SolutionProperties) = preSolution
		HideSolutionNode = FALSE
	EndGlobalSection
	GlobalSection(ExtensibilityGlobals) = postSolution
		SolutionGuid = {F6A2D872-4B3B-4041-8A77-6A09062C4CE3}
	EndGlobalSection
EndGlobal
