
Microsoft Visual Studio Solution File, Format Version 11.00
# Visual Studio 2010
Project("{FAE04EC0-301F-11D3-BF4B-00C04F79EFBC}") = "Assembly-CSharp", "Assembly-CSharp.csproj", "{9a7b81cd-bb5f-fab8-b4b6-ae3ce627f6d3}"
EndProject
Project("{FAE04EC0-301F-11D3-BF4B-00C04F79EFBC}") = "Assembly-CSharp-Editor", "Assembly-CSharp-Editor.csproj", "{e7d94db9-791b-1c31-b1ee-38ddb207cf01}"
EndProject
Global
	GlobalSection(SolutionConfigurationPlatforms) = preSolution
		Debug|Any CPU = Debug|Any CPU
	EndGlobalSection
	GlobalSection(ProjectConfigurationPlatforms) = postSolution
		{9a7b81cd-bb5f-fab8-b4b6-ae3ce627f6d3}.Debug|Any CPU.ActiveCfg = Debug|Any CPU
		{9a7b81cd-bb5f-fab8-b4b6-ae3ce627f6d3}.Debug|Any CPU.Build.0 = Debug|Any CPU
		{e7d94db9-791b-1c31-b1ee-38ddb207cf01}.Debug|Any CPU.ActiveCfg = Debug|Any CPU
		{e7d94db9-791b-1c31-b1ee-38ddb207cf01}.Debug|Any CPU.Build.0 = Debug|Any CPU
	EndGlobalSection
	GlobalSection(SolutionProperties) = preSolution
		HideSolutionNode = FALSE
	EndGlobalSection
EndGlobal
